
Microsoft Visual Studio Solution File, Format Version 12.00
# Visual Studio Version 17
VisualStudioVersion = 17.5.33530.505
MinimumVisualStudioVersion = 10.0.40219.1
Project("{9A19103F-16F7-4668-BE54-9A1E7A4F7556}") = "Vocabulary", "Vocabulary\Vocabulary.csproj", "{FB4A0BE6-C4F6-44C4-9C76-2254693AE916}"
EndProject
Project("{9A19103F-16F7-4668-BE54-9A1E7A4F7556}") = "Numbers", "Numbers\Numbers.csproj", "{96C4AB8C-E8EC-470C-B571-5A62C094AB19}"
EndProject
Project("{9A19103F-16F7-4668-BE54-9A1E7A4F7556}") = "Variables", "Variables\Variables.csproj", "{68B97114-71BF-4DA8-B6BD-63B586B738B4}"
EndProject
Project("{9A19103F-16F7-4668-BE54-9A1E7A4F7556}") = "Formatting", "Formatting\Formatting.csproj", "{AEA3E327-A40C-4BED-9770-816CC807BE03}"
EndProject
Project("{9A19103F-16F7-4668-BE54-9A1E7A4F7556}") = "Arguments", "Arguments\Arguments.csproj", "{4691F7EE-DCD2-428B-8C46-4E3A5DB77ACC}"
EndProject
Project("{9A19103F-16F7-4668-BE54-9A1E7A4F7556}") = "AsyncConsole", "AsyncConsole\AsyncConsole.csproj", "{6B93BFFD-A597-4286-9E2C-60F3EC085F89}"
EndProject
Project("{FAE04EC0-301F-11D3-BF4B-00C04F79EFBC}") = "Exercise", "Exercise\Exercise.csproj", "{AF183498-0B43-44C8-B37F-BB5B53495B94}"
EndProject
Global
	GlobalSection(SolutionConfigurationPlatforms) = preSolution
		Debug|Any CPU = Debug|Any CPU
		Release|Any CPU = Release|Any CPU
	EndGlobalSection
	GlobalSection(ProjectConfigurationPlatforms) = postSolution
		{FB4A0BE6-C4F6-44C4-9C76-2254693AE916}.Debug|Any CPU.ActiveCfg = Debug|Any CPU
		{FB4A0BE6-C4F6-44C4-9C76-2254693AE916}.Debug|Any CPU.Build.0 = Debug|Any CPU
		{FB4A0BE6-C4F6-44C4-9C76-2254693AE916}.Release|Any CPU.ActiveCfg = Release|Any CPU
		{FB4A0BE6-C4F6-44C4-9C76-2254693AE916}.Release|Any CPU.Build.0 = Release|Any CPU
		{96C4AB8C-E8EC-470C-B571-5A62C094AB19}.Debug|Any CPU.ActiveCfg = Debug|Any CPU
		{96C4AB8C-E8EC-470C-B571-5A62C094AB19}.Debug|Any CPU.Build.0 = Debug|Any CPU
		{96C4AB8C-E8EC-470C-B571-5A62C094AB19}.Release|Any CPU.ActiveCfg = Release|Any CPU
		{96C4AB8C-E8EC-470C-B571-5A62C094AB19}.Release|Any CPU.Build.0 = Release|Any CPU
		{68B97114-71BF-4DA8-B6BD-63B586B738B4}.Debug|Any CPU.ActiveCfg = Debug|Any CPU
		{68B97114-71BF-4DA8-B6BD-63B586B738B4}.Debug|Any CPU.Build.0 = Debug|Any CPU
		{68B97114-71BF-4DA8-B6BD-63B586B738B4}.Release|Any CPU.ActiveCfg = Release|Any CPU
		{68B97114-71BF-4DA8-B6BD-63B586B738B4}.Release|Any CPU.Build.0 = Release|Any CPU
		{AEA3E327-A40C-4BED-9770-816CC807BE03}.Debug|Any CPU.ActiveCfg = Debug|Any CPU
		{AEA3E327-A40C-4BED-9770-816CC807BE03}.Debug|Any CPU.Build.0 = Debug|Any CPU
		{AEA3E327-A40C-4BED-9770-816CC807BE03}.Release|Any CPU.ActiveCfg = Release|Any CPU
		{AEA3E327-A40C-4BED-9770-816CC807BE03}.Release|Any CPU.Build.0 = Release|Any CPU
		{4691F7EE-DCD2-428B-8C46-4E3A5DB77ACC}.Debug|Any CPU.ActiveCfg = Debug|Any CPU
		{4691F7EE-DCD2-428B-8C46-4E3A5DB77ACC}.Debug|Any CPU.Build.0 = Debug|Any CPU
		{4691F7EE-DCD2-428B-8C46-4E3A5DB77ACC}.Release|Any CPU.ActiveCfg = Release|Any CPU
		{4691F7EE-DCD2-428B-8C46-4E3A5DB77ACC}.Release|Any CPU.Build.0 = Release|Any CPU
		{6B93BFFD-A597-4286-9E2C-60F3EC085F89}.Debug|Any CPU.ActiveCfg = Debug|Any CPU
		{6B93BFFD-A597-4286-9E2C-60F3EC085F89}.Debug|Any CPU.Build.0 = Debug|Any CPU
		{6B93BFFD-A597-4286-9E2C-60F3EC085F89}.Release|Any CPU.ActiveCfg = Release|Any CPU
		{6B93BFFD-A597-4286-9E2C-60F3EC085F89}.Release|Any CPU.Build.0 = Release|Any CPU
		{AF183498-0B43-44C8-B37F-BB5B53495B94}.Debug|Any CPU.ActiveCfg = Debug|Any CPU
		{AF183498-0B43-44C8-B37F-BB5B53495B94}.Debug|Any CPU.Build.0 = Debug|Any CPU
		{AF183498-0B43-44C8-B37F-BB5B53495B94}.Release|Any CPU.ActiveCfg = Release|Any CPU
		{AF183498-0B43-44C8-B37F-BB5B53495B94}.Release|Any CPU.Build.0 = Release|Any CPU
	EndGlobalSection
	GlobalSection(SolutionProperties) = preSolution
		HideSolutionNode = FALSE
	EndGlobalSection
	GlobalSection(ExtensibilityGlobals) = postSolution
		SolutionGuid = {3C406D90-FD22-4603-8BA6-4B380D937E82}
	EndGlobalSection
EndGlobal
