
Microsoft Visual Studio Solution File, Format Version 12.00
# Visual Studio Version 17
VisualStudioVersion = 17.5.33627.172
MinimumVisualStudioVersion = 10.0.40219.1
Project("{9A19103F-16F7-4668-BE54-9A1E7A4F7556}") = "WorkingWithNumbers", "WorkingWithNumbers\WorkingWithNumbers.csproj", "{EB5DC13B-1056-4AF9-94E8-CC402074787F}"
EndProject
Project("{9A19103F-16F7-4668-BE54-9A1E7A4F7556}") = "WorkingWithRegularExpressions", "WorkingWithRegularExpressions\WorkingWithRegularExpressions.csproj", "{8C796539-F04A-4134-BB90-4DF757C6D4AD}"
EndProject
Project("{9A19103F-16F7-4668-BE54-9A1E7A4F7556}") = "WorkingWithCollections", "WorkingWithCollections\WorkingWithCollections.csproj", "{54481EEA-AB9B-411C-99AA-E2BE7F2B7319}"
EndProject
Project("{FAE04EC0-301F-11D3-BF4B-00C04F79EFBC}") = "WorkingWithRanges", "WorkingWithRanges\WorkingWithRanges.csproj", "{9C6AA32D-ECB7-4966-96D1-D8B5C6160462}"
EndProject
Project("{FAE04EC0-301F-11D3-BF4B-00C04F79EFBC}") = "WorkingWithNetworkResources", "WorkingWithNetworkResources\WorkingWithNetworkResources.csproj", "{995F6C95-EA8E-4E6E-8060-923B31238C83}"
EndProject
Global
	GlobalSection(SolutionConfigurationPlatforms) = preSolution
		Debug|Any CPU = Debug|Any CPU
		Release|Any CPU = Release|Any CPU
	EndGlobalSection
	GlobalSection(ProjectConfigurationPlatforms) = postSolution
		{EB5DC13B-1056-4AF9-94E8-CC402074787F}.Debug|Any CPU.ActiveCfg = Debug|Any CPU
		{EB5DC13B-1056-4AF9-94E8-CC402074787F}.Debug|Any CPU.Build.0 = Debug|Any CPU
		{EB5DC13B-1056-4AF9-94E8-CC402074787F}.Release|Any CPU.ActiveCfg = Release|Any CPU
		{EB5DC13B-1056-4AF9-94E8-CC402074787F}.Release|Any CPU.Build.0 = Release|Any CPU
		{8C796539-F04A-4134-BB90-4DF757C6D4AD}.Debug|Any CPU.ActiveCfg = Debug|Any CPU
		{8C796539-F04A-4134-BB90-4DF757C6D4AD}.Debug|Any CPU.Build.0 = Debug|Any CPU
		{8C796539-F04A-4134-BB90-4DF757C6D4AD}.Release|Any CPU.ActiveCfg = Release|Any CPU
		{8C796539-F04A-4134-BB90-4DF757C6D4AD}.Release|Any CPU.Build.0 = Release|Any CPU
		{54481EEA-AB9B-411C-99AA-E2BE7F2B7319}.Debug|Any CPU.ActiveCfg = Debug|Any CPU
		{54481EEA-AB9B-411C-99AA-E2BE7F2B7319}.Debug|Any CPU.Build.0 = Debug|Any CPU
		{54481EEA-AB9B-411C-99AA-E2BE7F2B7319}.Release|Any CPU.ActiveCfg = Release|Any CPU
		{54481EEA-AB9B-411C-99AA-E2BE7F2B7319}.Release|Any CPU.Build.0 = Release|Any CPU
		{9C6AA32D-ECB7-4966-96D1-D8B5C6160462}.Debug|Any CPU.ActiveCfg = Debug|Any CPU
		{9C6AA32D-ECB7-4966-96D1-D8B5C6160462}.Debug|Any CPU.Build.0 = Debug|Any CPU
		{9C6AA32D-ECB7-4966-96D1-D8B5C6160462}.Release|Any CPU.ActiveCfg = Release|Any CPU
		{9C6AA32D-ECB7-4966-96D1-D8B5C6160462}.Release|Any CPU.Build.0 = Release|Any CPU
		{995F6C95-EA8E-4E6E-8060-923B31238C83}.Debug|Any CPU.ActiveCfg = Debug|Any CPU
		{995F6C95-EA8E-4E6E-8060-923B31238C83}.Debug|Any CPU.Build.0 = Debug|Any CPU
		{995F6C95-EA8E-4E6E-8060-923B31238C83}.Release|Any CPU.ActiveCfg = Release|Any CPU
		{995F6C95-EA8E-4E6E-8060-923B31238C83}.Release|Any CPU.Build.0 = Release|Any CPU
	EndGlobalSection
	GlobalSection(SolutionProperties) = preSolution
		HideSolutionNode = FALSE
	EndGlobalSection
	GlobalSection(ExtensibilityGlobals) = postSolution
		SolutionGuid = {9FF04563-8AA9-484F-8E14-D14D19808ADF}
	EndGlobalSection
EndGlobal
