
Microsoft Visual Studio Solution File, Format Version 12.00
# Visual Studio Version 17
VisualStudioVersion = 17.5.33530.505
MinimumVisualStudioVersion = 10.0.40219.1
Project("{9A19103F-16F7-4668-BE54-9A1E7A4F7556}") = "WritingFunctions", "WritingFunctions\WritingFunctions.csproj", "{C6052A07-CA38-401A-A80A-8575430A7C11}"
EndProject
Project("{9A19103F-16F7-4668-BE54-9A1E7A4F7556}") = "Debugging", "Debugging\Debugging.csproj", "{04E820DC-7FA2-4695-AE9A-4619FD3BA85E}"
EndProject
Project("{9A19103F-16F7-4668-BE54-9A1E7A4F7556}") = "HotReloading", "HotReloading\HotReloading.csproj", "{8B88412D-F552-4EEE-AFC5-0D15384EFE84}"
EndProject
Project("{FAE04EC0-301F-11D3-BF4B-00C04F79EFBC}") = "Instrumenting", "Instrumenting\Instrumenting.csproj", "{3B53F96F-CDD9-4034-8F15-7FBAA6E5AB06}"
EndProject
Global
	GlobalSection(SolutionConfigurationPlatforms) = preSolution
		Debug|Any CPU = Debug|Any CPU
		Release|Any CPU = Release|Any CPU
	EndGlobalSection
	GlobalSection(ProjectConfigurationPlatforms) = postSolution
		{C6052A07-CA38-401A-A80A-8575430A7C11}.Debug|Any CPU.ActiveCfg = Debug|Any CPU
		{C6052A07-CA38-401A-A80A-8575430A7C11}.Debug|Any CPU.Build.0 = Debug|Any CPU
		{C6052A07-CA38-401A-A80A-8575430A7C11}.Release|Any CPU.ActiveCfg = Release|Any CPU
		{C6052A07-CA38-401A-A80A-8575430A7C11}.Release|Any CPU.Build.0 = Release|Any CPU
		{04E820DC-7FA2-4695-AE9A-4619FD3BA85E}.Debug|Any CPU.ActiveCfg = Debug|Any CPU
		{04E820DC-7FA2-4695-AE9A-4619FD3BA85E}.Debug|Any CPU.Build.0 = Debug|Any CPU
		{04E820DC-7FA2-4695-AE9A-4619FD3BA85E}.Release|Any CPU.ActiveCfg = Release|Any CPU
		{04E820DC-7FA2-4695-AE9A-4619FD3BA85E}.Release|Any CPU.Build.0 = Release|Any CPU
		{8B88412D-F552-4EEE-AFC5-0D15384EFE84}.Debug|Any CPU.ActiveCfg = Debug|Any CPU
		{8B88412D-F552-4EEE-AFC5-0D15384EFE84}.Debug|Any CPU.Build.0 = Debug|Any CPU
		{8B88412D-F552-4EEE-AFC5-0D15384EFE84}.Release|Any CPU.ActiveCfg = Release|Any CPU
		{8B88412D-F552-4EEE-AFC5-0D15384EFE84}.Release|Any CPU.Build.0 = Release|Any CPU
		{3B53F96F-CDD9-4034-8F15-7FBAA6E5AB06}.Debug|Any CPU.ActiveCfg = Debug|Any CPU
		{3B53F96F-CDD9-4034-8F15-7FBAA6E5AB06}.Debug|Any CPU.Build.0 = Debug|Any CPU
		{3B53F96F-CDD9-4034-8F15-7FBAA6E5AB06}.Release|Any CPU.ActiveCfg = Release|Any CPU
		{3B53F96F-CDD9-4034-8F15-7FBAA6E5AB06}.Release|Any CPU.Build.0 = Release|Any CPU
	EndGlobalSection
	GlobalSection(SolutionProperties) = preSolution
		HideSolutionNode = FALSE
	EndGlobalSection
	GlobalSection(ExtensibilityGlobals) = postSolution
		SolutionGuid = {62898781-4451-4787-BDED-901A0D3567B9}
	EndGlobalSection
EndGlobal
