
Microsoft Visual Studio Solution File, Format Version 12.00
# Visual Studio Version 17
VisualStudioVersion = 17.5.33627.172
MinimumVisualStudioVersion = 10.0.40219.1
Project("{FAE04EC0-301F-11D3-BF4B-00C04F79EFBC}") = "WorkingWithEFCore", "WorkingWithEFCore\WorkingWithEFCore.csproj", "{12D3F9CD-D425-41F5-805B-868960FD6405}"
EndProject
Global
	GlobalSection(SolutionConfigurationPlatforms) = preSolution
		Debug|Any CPU = Debug|Any CPU
		Release|Any CPU = Release|Any CPU
	EndGlobalSection
	GlobalSection(ProjectConfigurationPlatforms) = postSolution
		{12D3F9CD-D425-41F5-805B-868960FD6405}.Debug|Any CPU.ActiveCfg = Debug|Any CPU
		{12D3F9CD-D425-41F5-805B-868960FD6405}.Debug|Any CPU.Build.0 = Debug|Any CPU
		{12D3F9CD-D425-41F5-805B-868960FD6405}.Release|Any CPU.ActiveCfg = Release|Any CPU
		{12D3F9CD-D425-41F5-805B-868960FD6405}.Release|Any CPU.Build.0 = Release|Any CPU
	EndGlobalSection
	GlobalSection(SolutionProperties) = preSolution
		HideSolutionNode = FALSE
	EndGlobalSection
	GlobalSection(ExtensibilityGlobals) = postSolution
		SolutionGuid = {8AD4F3C7-23DC-4582-8EE7-B24555D98233}
	EndGlobalSection
EndGlobal
