
Microsoft Visual Studio Solution File, Format Version 12.00
# Visual Studio Version 17
VisualStudioVersion = 17.5.33627.172
MinimumVisualStudioVersion = 10.0.40219.1
Project("{9A19103F-16F7-4668-BE54-9A1E7A4F7556}") = "WorkingWithFileSystems", "WorkingWithFileSystems\WorkingWithFileSystems.csproj", "{348FCC3E-5FB6-486B-AE2A-5369B2C96A09}"
EndProject
Project("{9A19103F-16F7-4668-BE54-9A1E7A4F7556}") = "WorkingWithStreams", "WorkingWithStreams\WorkingWithStreams.csproj", "{C88E2787-F4DD-4C9A-957A-2A4F7759479F}"
EndProject
Project("{FAE04EC0-301F-11D3-BF4B-00C04F79EFBC}") = "WorkingWithTarArchives", "WorkingWithTarArchives\WorkingWithTarArchives.csproj", "{E89DF570-AC08-4D26-BED9-B0208980063B}"
EndProject
Project("{FAE04EC0-301F-11D3-BF4B-00C04F79EFBC}") = "WorkingWithSerialization", "WorkingWithSerialization\WorkingWithSerialization.csproj", "{6F98E60E-C524-460E-890C-0AD05B6BC473}"
EndProject
Project("{FAE04EC0-301F-11D3-BF4B-00C04F79EFBC}") = "WorkingWIthJson", "WorkingWIthJson\WorkingWIthJson.csproj", "{9ACE52F5-16DD-4BD1-8A32-6BBAE6763E04}"
EndProject
Global
	GlobalSection(SolutionConfigurationPlatforms) = preSolution
		Debug|Any CPU = Debug|Any CPU
		Release|Any CPU = Release|Any CPU
	EndGlobalSection
	GlobalSection(ProjectConfigurationPlatforms) = postSolution
		{348FCC3E-5FB6-486B-AE2A-5369B2C96A09}.Debug|Any CPU.ActiveCfg = Debug|Any CPU
		{348FCC3E-5FB6-486B-AE2A-5369B2C96A09}.Debug|Any CPU.Build.0 = Debug|Any CPU
		{348FCC3E-5FB6-486B-AE2A-5369B2C96A09}.Release|Any CPU.ActiveCfg = Release|Any CPU
		{348FCC3E-5FB6-486B-AE2A-5369B2C96A09}.Release|Any CPU.Build.0 = Release|Any CPU
		{C88E2787-F4DD-4C9A-957A-2A4F7759479F}.Debug|Any CPU.ActiveCfg = Debug|Any CPU
		{C88E2787-F4DD-4C9A-957A-2A4F7759479F}.Debug|Any CPU.Build.0 = Debug|Any CPU
		{C88E2787-F4DD-4C9A-957A-2A4F7759479F}.Release|Any CPU.ActiveCfg = Release|Any CPU
		{C88E2787-F4DD-4C9A-957A-2A4F7759479F}.Release|Any CPU.Build.0 = Release|Any CPU
		{E89DF570-AC08-4D26-BED9-B0208980063B}.Debug|Any CPU.ActiveCfg = Debug|Any CPU
		{E89DF570-AC08-4D26-BED9-B0208980063B}.Debug|Any CPU.Build.0 = Debug|Any CPU
		{E89DF570-AC08-4D26-BED9-B0208980063B}.Release|Any CPU.ActiveCfg = Release|Any CPU
		{E89DF570-AC08-4D26-BED9-B0208980063B}.Release|Any CPU.Build.0 = Release|Any CPU
		{6F98E60E-C524-460E-890C-0AD05B6BC473}.Debug|Any CPU.ActiveCfg = Debug|Any CPU
		{6F98E60E-C524-460E-890C-0AD05B6BC473}.Debug|Any CPU.Build.0 = Debug|Any CPU
		{6F98E60E-C524-460E-890C-0AD05B6BC473}.Release|Any CPU.ActiveCfg = Release|Any CPU
		{6F98E60E-C524-460E-890C-0AD05B6BC473}.Release|Any CPU.Build.0 = Release|Any CPU
		{9ACE52F5-16DD-4BD1-8A32-6BBAE6763E04}.Debug|Any CPU.ActiveCfg = Debug|Any CPU
		{9ACE52F5-16DD-4BD1-8A32-6BBAE6763E04}.Debug|Any CPU.Build.0 = Debug|Any CPU
		{9ACE52F5-16DD-4BD1-8A32-6BBAE6763E04}.Release|Any CPU.ActiveCfg = Release|Any CPU
		{9ACE52F5-16DD-4BD1-8A32-6BBAE6763E04}.Release|Any CPU.Build.0 = Release|Any CPU
	EndGlobalSection
	GlobalSection(SolutionProperties) = preSolution
		HideSolutionNode = FALSE
	EndGlobalSection
	GlobalSection(ExtensibilityGlobals) = postSolution
		SolutionGuid = {4D18043A-9F33-4260-B0B4-26CEDE9217A2}
	EndGlobalSection
EndGlobal
